lockfileVersion: '9.0'

settings:
  autoInstallPeers: true
  excludeLinksFromLockfile: false

importers:

  .: {}

  packages/solana:
    dependencies:
      '@noble/curves':
        specifier: ^2.0.1
        version: 2.0.1
      '@noble/hashes':
        specifier: ^2.0.1
        version: 2.0.1
      '@solana/kit':
        specifier: ^5.4.0
        version: 5.4.0(typescript@5.9.3)
      buffer:
        specifier: ^6.0.3
        version: 6.0.3
      solana-kite:
        specifier: ^2.1.0
        version: 2.1.0(@solana/sysvars@5.4.0(typescript@5.9.3))(typescript@5.9.3)
      tweetnacl:
        specifier: ^1.0.3
        version: 1.0.3
    devDependencies:
      tsx:
        specifier: ^4.21.0
        version: 4.21.0

packages:

  '@esbuild/aix-ppc64@0.27.2':
    resolution: {integrity: sha512-GZMB+a0mOMZs4MpDbj8RJp4cw+w1WV5NYD6xzgvzUJ5Ek2jerwfO2eADyI6ExDSUED+1X8aMbegahsJi+8mgpw==}
    engines: {node: '>=18'}
    cpu: [ppc64]
    os: [aix]

  '@esbuild/android-arm64@0.27.2':
    resolution: {integrity: sha512-pvz8ZZ7ot/RBphf8fv60ljmaoydPU12VuXHImtAs0XhLLw+EXBi2BLe3OYSBslR4rryHvweW5gmkKFwTiFy6KA==}
    engines: {node: '>=18'}
    cpu: [arm64]
    os: [android]

  '@esbuild/android-arm@0.27.2':
    resolution: {integrity: sha512-DVNI8jlPa7Ujbr1yjU2PfUSRtAUZPG9I1RwW4F4xFB1Imiu2on0ADiI/c3td+KmDtVKNbi+nffGDQMfcIMkwIA==}
    engines: {node: '>=18'}
    cpu: [arm]
    os: [android]

  '@esbuild/android-x64@0.27.2':
    resolution: {integrity: sha512-z8Ank4Byh4TJJOh4wpz8g2vDy75zFL0TlZlkUkEwYXuPSgX8yzep596n6mT7905kA9uHZsf/o2OJZubl2l3M7A==}
    engines: {node: '>=18'}
    cpu: [x64]
    os: [android]

  '@esbuild/darwin-arm64@0.27.2':
    resolution: {integrity: sha512-davCD2Zc80nzDVRwXTcQP/28fiJbcOwvdolL0sOiOsbwBa72kegmVU0Wrh1MYrbuCL98Omp5dVhQFWRKR2ZAlg==}
    engines: {node: '>=18'}
    cpu: [arm64]
    os: [darwin]

  '@esbuild/darwin-x64@0.27.2':
    resolution: {integrity: sha512-ZxtijOmlQCBWGwbVmwOF/UCzuGIbUkqB1faQRf5akQmxRJ1ujusWsb3CVfk/9iZKr2L5SMU5wPBi1UWbvL+VQA==}
    engines: {node: '>=18'}
    cpu: [x64]
    os: [darwin]

  '@esbuild/freebsd-arm64@0.27.2':
    resolution: {integrity: sha512-lS/9CN+rgqQ9czogxlMcBMGd+l8Q3Nj1MFQwBZJyoEKI50XGxwuzznYdwcav6lpOGv5BqaZXqvBSiB/kJ5op+g==}
    engines: {node: '>=18'}
    cpu: [arm64]
    os: [freebsd]

  '@esbuild/freebsd-x64@0.27.2':
    resolution: {integrity: sha512-tAfqtNYb4YgPnJlEFu4c212HYjQWSO/w/h/lQaBK7RbwGIkBOuNKQI9tqWzx7Wtp7bTPaGC6MJvWI608P3wXYA==}
    engines: {node: '>=18'}
    cpu: [x64]
    os: [freebsd]

  '@esbuild/linux-arm64@0.27.2':
    resolution: {integrity: sha512-hYxN8pr66NsCCiRFkHUAsxylNOcAQaxSSkHMMjcpx0si13t1LHFphxJZUiGwojB1a/Hd5OiPIqDdXONia6bhTw==}
    engines: {node: '>=18'}
    cpu: [arm64]
    os: [linux]

  '@esbuild/linux-arm@0.27.2':
    resolution: {integrity: sha512-vWfq4GaIMP9AIe4yj1ZUW18RDhx6EPQKjwe7n8BbIecFtCQG4CfHGaHuh7fdfq+y3LIA2vGS/o9ZBGVxIDi9hw==}
    engines: {node: '>=18'}
    cpu: [arm]
    os: [linux]

  '@esbuild/linux-ia32@0.27.2':
    resolution: {integrity: sha512-MJt5BRRSScPDwG2hLelYhAAKh9imjHK5+NE/tvnRLbIqUWa+0E9N4WNMjmp/kXXPHZGqPLxggwVhz7QP8CTR8w==}
    engines: {node: '>=18'}
    cpu: [ia32]
    os: [linux]

  '@esbuild/linux-loong64@0.27.2':
    resolution: {integrity: sha512-lugyF1atnAT463aO6KPshVCJK5NgRnU4yb3FUumyVz+cGvZbontBgzeGFO1nF+dPueHD367a2ZXe1NtUkAjOtg==}
    engines: {node: '>=18'}
    cpu: [loong64]
    os: [linux]

  '@esbuild/linux-mips64el@0.27.2':
    resolution: {integrity: sha512-nlP2I6ArEBewvJ2gjrrkESEZkB5mIoaTswuqNFRv/WYd+ATtUpe9Y09RnJvgvdag7he0OWgEZWhviS1OTOKixw==}
    engines: {node: '>=18'}
    cpu: [mips64el]
    os: [linux]

  '@esbuild/linux-ppc64@0.27.2':
    resolution: {integrity: sha512-C92gnpey7tUQONqg1n6dKVbx3vphKtTHJaNG2Ok9lGwbZil6DrfyecMsp9CrmXGQJmZ7iiVXvvZH6Ml5hL6XdQ==}
    engines: {node: '>=18'}
    cpu: [ppc64]
    os: [linux]

  '@esbuild/linux-riscv64@0.27.2':
    resolution: {integrity: sha512-B5BOmojNtUyN8AXlK0QJyvjEZkWwy/FKvakkTDCziX95AowLZKR6aCDhG7LeF7uMCXEJqwa8Bejz5LTPYm8AvA==}
    engines: {node: '>=18'}
    cpu: [riscv64]
    os: [linux]

  '@esbuild/linux-s390x@0.27.2':
    resolution: {integrity: sha512-p4bm9+wsPwup5Z8f4EpfN63qNagQ47Ua2znaqGH6bqLlmJ4bx97Y9JdqxgGZ6Y8xVTixUnEkoKSHcpRlDnNr5w==}
    engines: {node: '>=18'}
    cpu: [s390x]
    os: [linux]

  '@esbuild/linux-x64@0.27.2':
    resolution: {integrity: sha512-uwp2Tip5aPmH+NRUwTcfLb+W32WXjpFejTIOWZFw/v7/KnpCDKG66u4DLcurQpiYTiYwQ9B7KOeMJvLCu/OvbA==}
    engines: {node: '>=18'}
    cpu: [x64]
    os: [linux]

  '@esbuild/netbsd-arm64@0.27.2':
    resolution: {integrity: sha512-Kj6DiBlwXrPsCRDeRvGAUb/LNrBASrfqAIok+xB0LxK8CHqxZ037viF13ugfsIpePH93mX7xfJp97cyDuTZ3cw==}
    engines: {node: '>=18'}
    cpu: [arm64]
    os: [netbsd]

  '@esbuild/netbsd-x64@0.27.2':
    resolution: {integrity: sha512-HwGDZ0VLVBY3Y+Nw0JexZy9o/nUAWq9MlV7cahpaXKW6TOzfVno3y3/M8Ga8u8Yr7GldLOov27xiCnqRZf0tCA==}
    engines: {node: '>=18'}
    cpu: [x64]
    os: [netbsd]

  '@esbuild/openbsd-arm64@0.27.2':
    resolution: {integrity: sha512-DNIHH2BPQ5551A7oSHD0CKbwIA/Ox7+78/AWkbS5QoRzaqlev2uFayfSxq68EkonB+IKjiuxBFoV8ESJy8bOHA==}
    engines: {node: '>=18'}
    cpu: [arm64]
    os: [openbsd]

  '@esbuild/openbsd-x64@0.27.2':
    resolution: {integrity: sha512-/it7w9Nb7+0KFIzjalNJVR5bOzA9Vay+yIPLVHfIQYG/j+j9VTH84aNB8ExGKPU4AzfaEvN9/V4HV+F+vo8OEg==}
    engines: {node: '>=18'}
    cpu: [x64]
    os: [openbsd]

  '@esbuild/openharmony-arm64@0.27.2':
    resolution: {integrity: sha512-LRBbCmiU51IXfeXk59csuX/aSaToeG7w48nMwA6049Y4J4+VbWALAuXcs+qcD04rHDuSCSRKdmY63sruDS5qag==}
    engines: {node: '>=18'}
    cpu: [arm64]
    os: [openharmony]

  '@esbuild/sunos-x64@0.27.2':
    resolution: {integrity: sha512-kMtx1yqJHTmqaqHPAzKCAkDaKsffmXkPHThSfRwZGyuqyIeBvf08KSsYXl+abf5HDAPMJIPnbBfXvP2ZC2TfHg==}
    engines: {node: '>=18'}
    cpu: [x64]
    os: [sunos]

  '@esbuild/win32-arm64@0.27.2':
    resolution: {integrity: sha512-Yaf78O/B3Kkh+nKABUF++bvJv5Ijoy9AN1ww904rOXZFLWVc5OLOfL56W+C8F9xn5JQZa3UX6m+IktJnIb1Jjg==}
    engines: {node: '>=18'}
    cpu: [arm64]
    os: [win32]

  '@esbuild/win32-ia32@0.27.2':
    resolution: {integrity: sha512-Iuws0kxo4yusk7sw70Xa2E2imZU5HoixzxfGCdxwBdhiDgt9vX9VUCBhqcwY7/uh//78A1hMkkROMJq9l27oLQ==}
    engines: {node: '>=18'}
    cpu: [ia32]
    os: [win32]

  '@esbuild/win32-x64@0.27.2':
    resolution: {integrity: sha512-sRdU18mcKf7F+YgheI/zGf5alZatMUTKj/jNS6l744f9u3WFu4v7twcUI9vu4mknF4Y9aDlblIie0IM+5xxaqQ==}
    engines: {node: '>=18'}
    cpu: [x64]
    os: [win32]

  '@noble/curves@2.0.1':
    resolution: {integrity: sha512-vs1Az2OOTBiP4q0pwjW5aF0xp9n4MxVrmkFBxc6EKZc6ddYx5gaZiAsZoq0uRRXWbi3AT/sBqn05eRPtn1JCPw==}
    engines: {node: '>= 20.19.0'}

  '@noble/hashes@2.0.1':
    resolution: {integrity: sha512-XlOlEbQcE9fmuXxrVTXCTlG2nlRXa9Rj3rr5Ue/+tX+nmkgbX720YHh0VR3hBF9xDvwnb8D2shVGOwNx+ulArw==}
    engines: {node: '>= 20.19.0'}

  '@solana-program/compute-budget@0.11.0':
    resolution: {integrity: sha512-7f1ePqB/eURkTwTOO9TNIdUXZcyrZoX3Uy2hNo7cXMfNhPFWp9AVgIyRNBc2jf15sdUa9gNpW+PfP2iV8AYAaw==}
    peerDependencies:
      '@solana/kit': ^5.0

  '@solana-program/memo@0.10.0':
    resolution: {integrity: sha512-1FvQFenL3lzl5SpxhWV4QJCOLU/nvAOXGXjKjS7dprvG+0u971xoanApN7bM/a4NFZolp6S+lP2xVl6vTVIxbg==}
    peerDependencies:
      '@solana/kit': ^5.0

  '@solana-program/system@0.10.0':
    resolution: {integrity: sha512-Go+LOEZmqmNlfr+Gjy5ZWAdY5HbYzk2RBewD9QinEU/bBSzpFfzqDRT55JjFRBGJUvMgf3C2vfXEGT4i8DSI4g==}
    peerDependencies:
      '@solana/kit': ^5.0

  '@solana-program/token-2022@0.6.1':
    resolution: {integrity: sha512-Ex02cruDMGfBMvZZCrggVR45vdQQSI/unHVpt/7HPt/IwFYB4eTlXtO8otYZyqV/ce5GqZ8S6uwyRf0zy6fdbA==}
    peerDependencies:
      '@solana/kit': ^5.0
      '@solana/sysvars': ^5.0

  '@solana-program/token@0.9.0':
    resolution: {integrity: sha512-vnZxndd4ED4Fc56sw93cWZ2djEeeOFxtaPS8SPf5+a+JZjKA/EnKqzbE1y04FuMhIVrLERQ8uR8H2h72eZzlsA==}
    peerDependencies:
      '@solana/kit': ^5.0

  '@solana/accounts@5.4.0':
    resolution: {integrity: sha512-qHtAtwCcCFTXcya6JOOG1nzYicivivN/JkcYNHr10qOp9b4MVRkfW1ZAAG1CNzjMe5+mwtEl60RwdsY9jXNb+Q==}
    engines: {node: '>=20.18.0'}
    peerDependencies:
      typescript: ^5.0.0
    peerDependenciesMeta:
      typescript:
        optional: true

  '@solana/addresses@5.4.0':
    resolution: {integrity: sha512-YRHiH30S8qDV4bZ+mtEk589PGfBuXHzD/fK2Z+YI5f/+s+yi/5le/fVw7PN6LxnnmVQKiRCDUiNF+WmFFKi6QQ==}
    engines: {node: '>=20.18.0'}
    peerDependencies:
      typescript: ^5.0.0
    peerDependenciesMeta:
      typescript:
        optional: true

  '@solana/assertions@3.0.3':
    resolution: {integrity: sha512-2qspxdbWp2y62dfCIlqeWQr4g+hE8FYSSwcaP6itwMwGRb8393yDGCJfI/znuzJh6m/XVWhMHIgFgsBwnevCmg==}
    engines: {node: '>=20.18.0'}
    peerDependencies:
      typescript: '>=5.3.3'

  '@solana/assertions@5.4.0':
    resolution: {integrity: sha512-8EP7mkdnrPc9y67FqWeAPzdWq2qAOkxsuo+ZBIXNWtIixDtXIdHrgjZ/wqbWxLgSTtXEfBCjpZU55Xw2Qfbwyg==}
    engines: {node: '>=20.18.0'}
    peerDependencies:
      typescript: ^5.0.0
    peerDependenciesMeta:
      typescript:
        optional: true

  '@solana/codecs-core@5.4.0':
    resolution: {integrity: sha512-rQ5jXgiDe2vIU+mYCHDjgwMd9WdzZfh4sc5H6JgYleAUjeTUX6mx8hTV2+pcXvvn27LPrgrt9jfxswbDb8O8ww==}
    engines: {node: '>=20.18.0'}
    peerDependencies:
      typescript: ^5.0.0
    peerDependenciesMeta:
      typescript:
        optional: true

  '@solana/codecs-data-structures@5.4.0':
    resolution: {integrity: sha512-LVssbdQ1GfY6upnxW3mufYsNfvTWKnHNk5Hx2gHuOYJhm3HZlp+Y8zvuoY65G1d1xAXkPz5YVGxaSeVIRWLGWg==}
    engines: {node: '>=20.18.0'}
    peerDependencies:
      typescript: ^5.0.0
    peerDependenciesMeta:
      typescript:
        optional: true

  '@solana/codecs-numbers@5.4.0':
    resolution: {integrity: sha512-z6LMkY+kXWx1alrvIDSAxexY5QLhsso638CjM7XI1u6dB7drTLWKhifyjnm1vOQc1VPVFmbYxTgKKpds8TY8tg==}
    engines: {node: '>=20.18.0'}
    peerDependencies:
      typescript: ^5.0.0
    peerDependenciesMeta:
      typescript:
        optional: true

  '@solana/codecs-strings@5.4.0':
    resolution: {integrity: sha512-w0trrjfQDhkCVz7O1GTmHBk9m+MkljKx2uNBbQAD3/yW2Qn9dYiTrZ1/jDVq0/+lPPAUkbT3s3Yo7HUZ2QFmHw==}
    engines: {node: '>=20.18.0'}
    peerDependencies:
      fastestsmallesttextencoderdecoder: ^1.0.22
      typescript: ^5.0.0
    peerDependenciesMeta:
      fastestsmallesttextencoderdecoder:
        optional: true
      typescript:
        optional: true

  '@solana/codecs@5.4.0':
    resolution: {integrity: sha512-IbDCUvNX0MrkQahxiXj9rHzkd/fYfp1F2nTJkHGH8v+vPfD+YPjl007ZBM38EnCeXj/Xn+hxqBBivPvIHP29dA==}
    engines: {node: '>=20.18.0'}
    peerDependencies:
      typescript: ^5.0.0
    peerDependenciesMeta:
      typescript:
        optional: true

  '@solana/errors@3.0.3':
    resolution: {integrity: sha512-1l84xJlHNva6io62PcYfUamwWlc0eM95nHgCrKX0g0cLoC6D6QHYPCEbEVkR+C5UtP9JDgyQM8MFiv+Ei5tO9Q==}
    engines: {node: '>=20.18.0'}
    hasBin: true
    peerDependencies:
      typescript: '>=5.3.3'

  '@solana/errors@5.4.0':
    resolution: {integrity: sha512-hNoAOmlZAszaVBrAy1Jf7amHJ8wnUnTU0BqhNQXknbSvirvsYr81yEud2iq18YiCqhyJ9SuQ5kWrSAT0x7S0oA==}
    engines: {node: '>=20.18.0'}
    hasBin: true
    peerDependencies:
      typescript: ^5.0.0
    peerDependenciesMeta:
      typescript:
        optional: true

  '@solana/fast-stable-stringify@5.4.0':
    resolution: {integrity: sha512-KB7PUL7yalPvbWCezzyUDVRDp39eHLPH7OJ6S8VFT8YNIFUANwwj5ctui50Fim76kvSYDdYJOclXV45O2gfQ8Q==}
    engines: {node: '>=20.18.0'}
    peerDependencies:
      typescript: ^5.0.0
    peerDependenciesMeta:
      typescript:
        optional: true

  '@solana/functional@5.4.0':
    resolution: {integrity: sha512-32ghHO0bg6GgX/7++0/7Lps6RgeXD2gKF1okiuyEGuVfKENIapgaQdcGhUwb3q6D6fv6MRAVn/Yve4jopGVNMQ==}
    engines: {node: '>=20.18.0'}
    peerDependencies:
      typescript: ^5.0.0
    peerDependenciesMeta:
      typescript:
        optional: true

  '@solana/instruction-plans@5.4.0':
    resolution: {integrity: sha512-5xbJ+I/pP2aWECmK75bEM1zCnIITlohAK83dVN+t5X2vBFrr6M9gifo8r4Opdnibsgo6QVVkKPxRo5zow5j0ig==}
    engines: {node: '>=20.18.0'}
    peerDependencies:
      typescript: ^5.0.0
    peerDependenciesMeta:
      typescript:
        optional: true

  '@solana/instructions@5.4.0':
    resolution: {integrity: sha512-//a7jpHbNoAgTqy3YyqG1X6QhItJLKzJa6zuYJGCwaAAJye7BxS9pxJBgb2mUt7CGidhUksf+U8pmLlxCNWYyg==}
    engines: {node: '>=20.18.0'}
    peerDependencies:
      typescript: ^5.0.0
    peerDependenciesMeta:
      typescript:
        optional: true

  '@solana/keys@5.4.0':
    resolution: {integrity: sha512-zQVbAwdoXorgXjlhlVTZaymFG6N8n1zn2NT+xI6S8HtbrKIB/42xPdXFh+zIihGzRw+9k8jzU7Axki/IPm6qWQ==}
    engines: {node: '>=20.18.0'}
    peerDependencies:
      typescript: ^5.0.0
    peerDependenciesMeta:
      typescript:
        optional: true

  '@solana/kit@5.4.0':
    resolution: {integrity: sha512-aVjN26jOEzJA6UBYxSTQciZPXgTxWnO/WysHrw+yeBL/5AaTZnXEgb4j5xV6cUFzOlVxhJBrx51xtoxSqJ0u3g==}
    engines: {node: '>=20.18.0'}
    peerDependencies:
      typescript: ^5.0.0
    peerDependenciesMeta:
      typescript:
        optional: true

  '@solana/nominal-types@5.4.0':
    resolution: {integrity: sha512-h4dTRQwTerzksE5B1WmObN6TvLo8dYUd7kpUUynGd8WJjK0zz3zkDhq0MkA3aF6A1C2C82BSGqSsN9EN0E6Exg==}
    engines: {node: '>=20.18.0'}
    peerDependencies:
      typescript: ^5.0.0
    peerDependenciesMeta:
      typescript:
        optional: true

  '@solana/offchain-messages@5.4.0':
    resolution: {integrity: sha512-DjdlYJCcKfgh4dkdk+owH1bP+Q4BRqCs55mgWWp9PTwm/HHy/a5vcMtCi1GyIQXfhtNNvKBLbXrUE0Fxej8qlg==}
    engines: {node: '>=20.18.0'}
    peerDependencies:
      typescript: ^5.0.0
    peerDependenciesMeta:
      typescript:
        optional: true

  '@solana/options@5.4.0':
    resolution: {integrity: sha512-h4vTWRChEXPhaHo9i1pCyQBWWs+NqYPQRXSAApqpUYvHb9Kct/C6KbHjfyaRMyqNQnDHLcJCX7oW9tk0iRDzIg==}
    engines: {node: '>=20.18.0'}
    peerDependencies:
      typescript: ^5.0.0
    peerDependenciesMeta:
      typescript:
        optional: true

  '@solana/plugin-core@5.4.0':
    resolution: {integrity: sha512-e1aLGLldW7C5113qTOjFYSGq95a4QC9TWb77iq+8l6h085DcNj+195r4E2zKaINrevQjQTwvxo00oUyHP7hSJA==}
    engines: {node: '>=20.18.0'}
    peerDependencies:
      typescript: ^5.0.0
    peerDependenciesMeta:
      typescript:
        optional: true

  '@solana/programs@5.4.0':
    resolution: {integrity: sha512-Sc90WK9ZZ7MghOflIvkrIm08JwsFC99yqSJy28/K+hDP2tcx+1x+H6OFP9cumW9eUA1+JVRDeKAhA8ak7e/kUA==}
    engines: {node: '>=20.18.0'}
    peerDependencies:
      typescript: ^5.0.0
    peerDependenciesMeta:
      typescript:
        optional: true

  '@solana/promises@3.0.3':
    resolution: {integrity: sha512-K+UflGBVxj30XQMHTylHHZJdKH5QG3oj5k2s42GrZ/Wbu72oapVJySMBgpK45+p90t8/LEqV6rRPyTXlet9J+Q==}
    engines: {node: '>=20.18.0'}
    peerDependencies:
      typescript: '>=5.3.3'

  '@solana/promises@5.4.0':
    resolution: {integrity: sha512-23mfgNBbuP6Q+4vsixGy+GkyZ7wBLrxTBNXqrG/XWrJhjuuSkjEUGaK4Fx5o7LIrBi6KGqPknKxmTlvqnJhy2Q==}
    engines: {node: '>=20.18.0'}
    peerDependencies:
      typescript: ^5.0.0
    peerDependenciesMeta:
      typescript:
        optional: true

  '@solana/rpc-api@5.4.0':
    resolution: {integrity: sha512-FJL6KaAsQ4DhfhLKKMcqbTpToNFwHlABCemIpOunE3OSqJFDrmc/NbsEaLIoeHyIg3d1Imo49GIUOn2TEouFUA==}
    engines: {node: '>=20.18.0'}
    peerDependencies:
      typescript: ^5.0.0
    peerDependenciesMeta:
      typescript:
        optional: true

  '@solana/rpc-parsed-types@5.4.0':
    resolution: {integrity: sha512-IRQuSzx+Sj1A3XGiIzguNZlMjMMybXTTjV/RnTwBgnJQPd/H4us4pfPD94r+/yolWDVfGjJRm04hnKVMjJU8Rg==}
    engines: {node: '>=20.18.0'}
    peerDependencies:
      typescript: ^5.0.0
    peerDependenciesMeta:
      typescript:
        optional: true

  '@solana/rpc-spec-types@5.4.0':
    resolution: {integrity: sha512-JU9hC5/iyJx30ym17gpoXDtT9rCbO6hLpB6UDhSFFoNeirxtTVb4OdnKtsjJDfXAiXsynJRsZRwfj3vGxRLgQw==}
    engines: {node: '>=20.18.0'}
    peerDependencies:
      typescript: ^5.0.0
    peerDependenciesMeta:
      typescript:
        optional: true

  '@solana/rpc-spec@5.4.0':
    resolution: {integrity: sha512-XMhxBb1GuZ3Kaeu5WNHB5KteCQ/aVuMByZmUKPqaanD+gs5MQZr0g62CvN7iwRlFU7GC18Q73ROWR3/JjzbXTA==}
    engines: {node: '>=20.18.0'}
    peerDependencies:
      typescript: ^5.0.0
    peerDependenciesMeta:
      typescript:
        optional: true

  '@solana/rpc-subscriptions-api@5.4.0':
    resolution: {integrity: sha512-euAFIG6ruEsqK+MsrL1tGSMbbOumm8UAyGzlD/kmXsAqqhcVsSeZdv5+BMIHIBsQ93GHcloA8UYw1BTPhpgl9w==}
    engines: {node: '>=20.18.0'}
    peerDependencies:
      typescript: ^5.0.0
    peerDependenciesMeta:
      typescript:
        optional: true

  '@solana/rpc-subscriptions-channel-websocket@5.4.0':
    resolution: {integrity: sha512-kWCmlW65MccxqXwKsIz+LkXUYQizgvBrrgYOkyclJHPa+zx4gqJjam87+wzvO9cfbDZRer3wtJBaRm61gTHNbw==}
    engines: {node: '>=20.18.0'}
    peerDependencies:
      typescript: ^5.0.0
    peerDependenciesMeta:
      typescript:
        optional: true

  '@solana/rpc-subscriptions-spec@5.4.0':
    resolution: {integrity: sha512-ELaV9Z39GtKyUO0++he00ymWleb07QXYJhSfA0e1N5Q9hXu/Y366kgXHDcbZ/oUJkT3ylNgTupkrsdtiy8Ryow==}
    engines: {node: '>=20.18.0'}
    peerDependencies:
      typescript: ^5.0.0
    peerDependenciesMeta:
      typescript:
        optional: true

  '@solana/rpc-subscriptions@5.4.0':
    resolution: {integrity: sha512-051t1CEjjAzM9ohjj2zb3ED70yeS3ZY8J5wSytL6tthTGImw/JB2a0D9DWMOKriFKt496n95IC+IdpJ35CpBWA==}
    engines: {node: '>=20.18.0'}
    peerDependencies:
      typescript: ^5.0.0
    peerDependenciesMeta:
      typescript:
        optional: true

  '@solana/rpc-transformers@5.4.0':
    resolution: {integrity: sha512-dZ8keYloLW+eRAwAPb471uWCFs58yHloLoI+QH0FulYpsSJ7F2BNWYcdnjSS/WiggsNcU6DhpWzYAzlEY66lGQ==}
    engines: {node: '>=20.18.0'}
    peerDependencies:
      typescript: ^5.0.0
    peerDependenciesMeta:
      typescript:
        optional: true

  '@solana/rpc-transport-http@5.4.0':
    resolution: {integrity: sha512-vidA+Qtqrnqp3QSVumWHdWJ/986yCr5+qX3fbc9KPm9Ofoto88OMWB/oLJvi2Tfges1UBu/jl+lJdsVckCM1bA==}
    engines: {node: '>=20.18.0'}
    peerDependencies:
      typescript: ^5.0.0
    peerDependenciesMeta:
      typescript:
        optional: true

  '@solana/rpc-types@5.4.0':
    resolution: {integrity: sha512-+C4N4/5AYzBdt3Y2yzkScknScy/jTx6wfvuJIY9XjOXtdDyZ8TmrnMwdPMTZPGLdLuHplJwlwy1acu/4hqmrBQ==}
    engines: {node: '>=20.18.0'}
    peerDependencies:
      typescript: ^5.0.0
    peerDependenciesMeta:
      typescript:
        optional: true

  '@solana/rpc@5.4.0':
    resolution: {integrity: sha512-S6GRG+usnubDs0JSpgc0ZWEh9IPL5KPWMuBoD8ggGVOIVWntp53FpvhYslNzbxWBXlTvJecr2todBipGVM/AqQ==}
    engines: {node: '>=20.18.0'}
    peerDependencies:
      typescript: ^5.0.0
    peerDependenciesMeta:
      typescript:
        optional: true

  '@solana/signers@5.4.0':
    resolution: {integrity: sha512-s+fZxpi6UPr6XNk2pH/R84WjNRoSktrgG8AGNfsj/V8MJ++eKX7hhIf4JsHZtnnQXXrHmS3ozB2oHlc8yEJvCQ==}
    engines: {node: '>=20.18.0'}
    peerDependencies:
      typescript: ^5.0.0
    peerDependenciesMeta:
      typescript:
        optional: true

  '@solana/subscribable@5.4.0':
    resolution: {integrity: sha512-72LmfNX7UENgA24sn/xjlWpPAOsrxkWb9DQhuPZxly/gq8rl/rvr7Xu9qBkvFF2po9XpdUrKlccqY4awvfpltA==}
    engines: {node: '>=20.18.0'}
    peerDependencies:
      typescript: ^5.0.0
    peerDependenciesMeta:
      typescript:
        optional: true

  '@solana/sysvars@5.4.0':
    resolution: {integrity: sha512-A5NES7sOlFmpnsiEts5vgyL3NXrt/tGGVSEjlEGvsgwl5EDZNv+xWnNA400uMDqd9O3a5PmH7p/6NsgR+kUzSg==}
    engines: {node: '>=20.18.0'}
    peerDependencies:
      typescript: ^5.0.0
    peerDependenciesMeta:
      typescript:
        optional: true

  '@solana/transaction-confirmation@5.4.0':
    resolution: {integrity: sha512-EdSDgxs84/4gkjQw2r7N+Kgus8x9U+NFo0ufVG+48V8Hzy2t0rlBuXgIxwx0zZwUuTIgaKhpIutJgVncwZ5koA==}
    engines: {node: '>=20.18.0'}
    peerDependencies:
      typescript: ^5.0.0
    peerDependenciesMeta:
      typescript:
        optional: true

  '@solana/transaction-messages@5.4.0':
    resolution: {integrity: sha512-qd/3kZDaPiHM0amhn3vXnupfcsFTVz6CYuHXvq9HFv/fq32+5Kp1FMLnmHwoSxQxdTMDghPdOhC4vhNhuWmuVQ==}
    engines: {node: '>=20.18.0'}
    peerDependencies:
      typescript: ^5.0.0
    peerDependenciesMeta:
      typescript:
        optional: true

  '@solana/transactions@5.4.0':
    resolution: {integrity: sha512-OuY4M4x/xna8KZQIrz8tSrI9EEul9Od97XejqFmGGkEjbRsUOfJW8705TveTW8jU3bd5RGecFYscPgS2F+m7jQ==}
    engines: {node: '>=20.18.0'}
    peerDependencies:
      typescript: ^5.0.0
    peerDependenciesMeta:
      typescript:
        optional: true

  base64-js@1.5.1:
    resolution: {integrity: sha512-AKpaYlHn8t4SVbOHCy+b5+KKgvR4vrsD8vbvrbiQJps7fKDTkjkDry6ji0rUJjC0kzbNePLwzxq8iypo41qeWA==}

  buffer@6.0.3:
    resolution: {integrity: sha512-FTiCpNxtwiZZHEZbcbTIcZjERVICn9yq/pDFkTl95/AxzD1naBctN7YO68riM/gLSDY7sdrMby8hofADYuuqOA==}

  chalk@5.6.2:
    resolution: {integrity: sha512-7NzBL0rN6fMUW+f7A6Io4h40qQlG+xGmtMxfbnH/K7TAtt8JQWVQK+6g0UXKMeVJoyV5EkkNsErQ8pVD3bLHbA==}
    engines: {node: ^12.17.0 || ^14.13 || >=16.0.0}

  commander@14.0.0:
    resolution: {integrity: sha512-2uM9rYjPvyq39NwLRqaiLtWHyDC1FvryJDa2ATTVims5YAS4PupsEQsDvP14FqhFr0P49CYDugi59xaxJlTXRA==}
    engines: {node: '>=20'}

  commander@14.0.2:
    resolution: {integrity: sha512-TywoWNNRbhoD0BXs1P3ZEScW8W5iKrnbithIl0YH+uCmBd0QpPOA8yc82DS3BIE5Ma6FnBVUsJ7wVUDz4dvOWQ==}
    engines: {node: '>=20'}

  dotenv@16.6.1:
    resolution: {integrity: sha512-uBq4egWHTcTt33a72vpSG0z3HnPuIl6NqYcTrKEg2azoEyl2hpW0zqlxysq2pK9HlDIHyHyakeYaYnSAwd8bow==}
    engines: {node: '>=12'}

  esbuild@0.27.2:
    resolution: {integrity: sha512-HyNQImnsOC7X9PMNaCIeAm4ISCQXs5a5YasTXVliKv4uuBo1dKrG0A+uQS8M5eXjVMnLg3WgXaKvprHlFJQffw==}
    engines: {node: '>=18'}
    hasBin: true

  fsevents@2.3.3:
    resolution: {integrity: sha512-5xoDfX+fL7faATnagmWPpbFtwh/R77WmMMqqHGS65C3vvB0YHrgF+B1YmZ3441tMj5n63k0212XNoJwzlhffQw==}
    engines: {node: ^8.16.0 || ^10.6.0 || >=11.0.0}
    os: [darwin]

  get-tsconfig@4.13.0:
    resolution: {integrity: sha512-1VKTZJCwBrvbd+Wn3AOgQP/2Av+TfTCOlE4AcRJE72W1ksZXbAx8PPBR9RzgTeSPzlPMHrbANMH3LbltH73wxQ==}

  ieee754@1.2.1:
    resolution: {integrity: sha512-dcyqhDvX1C46lXZcVqCpK+FtMRQVdIMN6/Df5js2zouUsqG7I6sFxitIC+7KYK29KdXOLHdu9zL4sFnoVQnqaA==}

  resolve-pkg-maps@1.0.0:
    resolution: {integrity: sha512-seS2Tj26TBVOC2NIc2rOe2y2ZO7efxITtLZcGSOnHHNOQ7CkiUBfw0Iw2ck6xkIhPwLhKNLS8BO+hEpngQlqzw==}

  solana-kite@2.1.0:
    resolution: {integrity: sha512-I2wts94RErTUcRiYzK+ygNzniWH4lIeXZVqieXMUYgTS3tI1pGZ4FHh8yPGp+viNkVnesEEtuMaciO+GLRaihA==}

  tsx@4.21.0:
    resolution: {integrity: sha512-5C1sg4USs1lfG0GFb2RLXsdpXqBSEhAaA/0kPL01wxzpMqLILNxIxIOKiILz+cdg/pLnOUxFYOR5yhHU666wbw==}
    engines: {node: '>=18.0.0'}
    hasBin: true

  tweetnacl@1.0.3:
    resolution: {integrity: sha512-6rt+RN7aOi1nGMyC4Xa5DdYiukl2UWCbcJft7YhxReBGQD7OAM8Pbxw6YMo4r2diNEA8FEmu32YOn9rhaiE5yw==}

  typescript@5.9.3:
    resolution: {integrity: sha512-jl1vZzPDinLr9eUt3J/t7V6FgNEw9QjvBPdysz9KfQDD41fQrC2Y4vKQdiaUpFT4bXlb1RHhLpp8wtm6M5TgSw==}
    engines: {node: '>=14.17'}
    hasBin: true

  undici-types@7.18.2:
    resolution: {integrity: sha512-AsuCzffGHJybSaRrmr5eHr81mwJU3kjw6M+uprWvCXiNeN9SOGwQ3Jn8jb8m3Z6izVgknn1R0FTCEAP2QrLY/w==}

  ws@8.19.0:
    resolution: {integrity: sha512-blAT2mjOEIi0ZzruJfIhb3nps74PRWTCz1IjglWEEpQl5XS/UNama6u2/rjFkDDouqr4L67ry+1aGIALViWjDg==}
    engines: {node: '>=10.0.0'}
    peerDependencies:
      bufferutil: ^4.0.1
      utf-8-validate: '>=5.0.2'
    peerDependenciesMeta:
      bufferutil:
        optional: true
      utf-8-validate:
        optional: true

snapshots:

  '@esbuild/aix-ppc64@0.27.2':
    optional: true

  '@esbuild/android-arm64@0.27.2':
    optional: true

  '@esbuild/android-arm@0.27.2':
    optional: true

  '@esbuild/android-x64@0.27.2':
    optional: true

  '@esbuild/darwin-arm64@0.27.2':
    optional: true

  '@esbuild/darwin-x64@0.27.2':
    optional: true

  '@esbuild/freebsd-arm64@0.27.2':
    optional: true

  '@esbuild/freebsd-x64@0.27.2':
    optional: true

  '@esbuild/linux-arm64@0.27.2':
    optional: true

  '@esbuild/linux-arm@0.27.2':
    optional: true

  '@esbuild/linux-ia32@0.27.2':
    optional: true

  '@esbuild/linux-loong64@0.27.2':
    optional: true

  '@esbuild/linux-mips64el@0.27.2':
    optional: true

  '@esbuild/linux-ppc64@0.27.2':
    optional: true

  '@esbuild/linux-riscv64@0.27.2':
    optional: true

  '@esbuild/linux-s390x@0.27.2':
    optional: true

  '@esbuild/linux-x64@0.27.2':
    optional: true

  '@esbuild/netbsd-arm64@0.27.2':
    optional: true

  '@esbuild/netbsd-x64@0.27.2':
    optional: true

  '@esbuild/openbsd-arm64@0.27.2':
    optional: true

  '@esbuild/openbsd-x64@0.27.2':
    optional: true

  '@esbuild/openharmony-arm64@0.27.2':
    optional: true

  '@esbuild/sunos-x64@0.27.2':
    optional: true

  '@esbuild/win32-arm64@0.27.2':
    optional: true

  '@esbuild/win32-ia32@0.27.2':
    optional: true

  '@esbuild/win32-x64@0.27.2':
    optional: true

  '@noble/curves@2.0.1':
    dependencies:
      '@noble/hashes': 2.0.1

  '@noble/hashes@2.0.1': {}

  '@solana-program/compute-budget@0.11.0(@solana/kit@5.4.0(typescript@5.9.3))':
    dependencies:
      '@solana/kit': 5.4.0(typescript@5.9.3)

  '@solana-program/memo@0.10.0(@solana/kit@5.4.0(typescript@5.9.3))':
    dependencies:
      '@solana/kit': 5.4.0(typescript@5.9.3)

  '@solana-program/system@0.10.0(@solana/kit@5.4.0(typescript@5.9.3))':
    dependencies:
      '@solana/kit': 5.4.0(typescript@5.9.3)

  '@solana-program/token-2022@0.6.1(@solana/kit@5.4.0(typescript@5.9.3))(@solana/sysvars@5.4.0(typescript@5.9.3))':
    dependencies:
      '@solana/kit': 5.4.0(typescript@5.9.3)
      '@solana/sysvars': 5.4.0(typescript@5.9.3)

  '@solana-program/token@0.9.0(@solana/kit@5.4.0(typescript@5.9.3))':
    dependencies:
      '@solana/kit': 5.4.0(typescript@5.9.3)

  '@solana/accounts@5.4.0(typescript@5.9.3)':
    dependencies:
      '@solana/addresses': 5.4.0(typescript@5.9.3)
      '@solana/codecs-core': 5.4.0(typescript@5.9.3)
      '@solana/codecs-strings': 5.4.0(typescript@5.9.3)
      '@solana/errors': 5.4.0(typescript@5.9.3)
      '@solana/rpc-spec': 5.4.0(typescript@5.9.3)
      '@solana/rpc-types': 5.4.0(typescript@5.9.3)
    optionalDependencies:
      typescript: 5.9.3
    transitivePeerDependencies:
      - fastestsmallesttextencoderdecoder

  '@solana/addresses@5.4.0(typescript@5.9.3)':
    dependencies:
      '@solana/assertions': 5.4.0(typescript@5.9.3)
      '@solana/codecs-core': 5.4.0(typescript@5.9.3)
      '@solana/codecs-strings': 5.4.0(typescript@5.9.3)
      '@solana/errors': 5.4.0(typescript@5.9.3)
      '@solana/nominal-types': 5.4.0(typescript@5.9.3)
    optionalDependencies:
      typescript: 5.9.3
    transitivePeerDependencies:
      - fastestsmallesttextencoderdecoder

  '@solana/assertions@3.0.3(typescript@5.9.3)':
    dependencies:
      '@solana/errors': 3.0.3(typescript@5.9.3)
      typescript: 5.9.3

  '@solana/assertions@5.4.0(typescript@5.9.3)':
    dependencies:
      '@solana/errors': 5.4.0(typescript@5.9.3)
    optionalDependencies:
      typescript: 5.9.3

  '@solana/codecs-core@5.4.0(typescript@5.9.3)':
    dependencies:
      '@solana/errors': 5.4.0(typescript@5.9.3)
    optionalDependencies:
      typescript: 5.9.3

  '@solana/codecs-data-structures@5.4.0(typescript@5.9.3)':
    dependencies:
      '@solana/codecs-core': 5.4.0(typescript@5.9.3)
      '@solana/codecs-numbers': 5.4.0(typescript@5.9.3)
      '@solana/errors': 5.4.0(typescript@5.9.3)
    optionalDependencies:
      typescript: 5.9.3

  '@solana/codecs-numbers@5.4.0(typescript@5.9.3)':
    dependencies:
      '@solana/codecs-core': 5.4.0(typescript@5.9.3)
      '@solana/errors': 5.4.0(typescript@5.9.3)
    optionalDependencies:
      typescript: 5.9.3

  '@solana/codecs-strings@5.4.0(typescript@5.9.3)':
    dependencies:
      '@solana/codecs-core': 5.4.0(typescript@5.9.3)
      '@solana/codecs-numbers': 5.4.0(typescript@5.9.3)
      '@solana/errors': 5.4.0(typescript@5.9.3)
    optionalDependencies:
      typescript: 5.9.3

  '@solana/codecs@5.4.0(typescript@5.9.3)':
    dependencies:
      '@solana/codecs-core': 5.4.0(typescript@5.9.3)
      '@solana/codecs-data-structures': 5.4.0(typescript@5.9.3)
      '@solana/codecs-numbers': 5.4.0(typescript@5.9.3)
      '@solana/codecs-strings': 5.4.0(typescript@5.9.3)
      '@solana/options': 5.4.0(typescript@5.9.3)
    optionalDependencies:
      typescript: 5.9.3
    transitivePeerDependencies:
      - fastestsmallesttextencoderdecoder

  '@solana/errors@3.0.3(typescript@5.9.3)':
    dependencies:
      chalk: 5.6.2
      commander: 14.0.0
      typescript: 5.9.3

  '@solana/errors@5.4.0(typescript@5.9.3)':
    dependencies:
      chalk: 5.6.2
      commander: 14.0.2
    optionalDependencies:
      typescript: 5.9.3

  '@solana/fast-stable-stringify@5.4.0(typescript@5.9.3)':
    optionalDependencies:
      typescript: 5.9.3

  '@solana/functional@5.4.0(typescript@5.9.3)':
    optionalDependencies:
      typescript: 5.9.3

  '@solana/instruction-plans@5.4.0(typescript@5.9.3)':
    dependencies:
      '@solana/errors': 5.4.0(typescript@5.9.3)
      '@solana/instructions': 5.4.0(typescript@5.9.3)
      '@solana/keys': 5.4.0(typescript@5.9.3)
      '@solana/promises': 5.4.0(typescript@5.9.3)
      '@solana/transaction-messages': 5.4.0(typescript@5.9.3)
      '@solana/transactions': 5.4.0(typescript@5.9.3)
    optionalDependencies:
      typescript: 5.9.3
    transitivePeerDependencies:
      - fastestsmallesttextencoderdecoder

  '@solana/instructions@5.4.0(typescript@5.9.3)':
    dependencies:
      '@solana/codecs-core': 5.4.0(typescript@5.9.3)
      '@solana/errors': 5.4.0(typescript@5.9.3)
    optionalDependencies:
      typescript: 5.9.3

  '@solana/keys@5.4.0(typescript@5.9.3)':
    dependencies:
      '@solana/assertions': 5.4.0(typescript@5.9.3)
      '@solana/codecs-core': 5.4.0(typescript@5.9.3)
      '@solana/codecs-strings': 5.4.0(typescript@5.9.3)
      '@solana/errors': 5.4.0(typescript@5.9.3)
      '@solana/nominal-types': 5.4.0(typescript@5.9.3)
    optionalDependencies:
      typescript: 5.9.3
    transitivePeerDependencies:
      - fastestsmallesttextencoderdecoder

  '@solana/kit@5.4.0(typescript@5.9.3)':
    dependencies:
      '@solana/accounts': 5.4.0(typescript@5.9.3)
      '@solana/addresses': 5.4.0(typescript@5.9.3)
      '@solana/codecs': 5.4.0(typescript@5.9.3)
      '@solana/errors': 5.4.0(typescript@5.9.3)
      '@solana/functional': 5.4.0(typescript@5.9.3)
      '@solana/instruction-plans': 5.4.0(typescript@5.9.3)
      '@solana/instructions': 5.4.0(typescript@5.9.3)
      '@solana/keys': 5.4.0(typescript@5.9.3)
      '@solana/offchain-messages': 5.4.0(typescript@5.9.3)
      '@solana/plugin-core': 5.4.0(typescript@5.9.3)
      '@solana/programs': 5.4.0(typescript@5.9.3)
      '@solana/rpc': 5.4.0(typescript@5.9.3)
      '@solana/rpc-api': 5.4.0(typescript@5.9.3)
      '@solana/rpc-parsed-types': 5.4.0(typescript@5.9.3)
      '@solana/rpc-spec-types': 5.4.0(typescript@5.9.3)
      '@solana/rpc-subscriptions': 5.4.0(typescript@5.9.3)
      '@solana/rpc-types': 5.4.0(typescript@5.9.3)
      '@solana/signers': 5.4.0(typescript@5.9.3)
      '@solana/sysvars': 5.4.0(typescript@5.9.3)
      '@solana/transaction-confirmation': 5.4.0(typescript@5.9.3)
      '@solana/transaction-messages': 5.4.0(typescript@5.9.3)
      '@solana/transactions': 5.4.0(typescript@5.9.3)
    optionalDependencies:
      typescript: 5.9.3
    transitivePeerDependencies:
      - bufferutil
      - fastestsmallesttextencoderdecoder
      - utf-8-validate

  '@solana/nominal-types@5.4.0(typescript@5.9.3)':
    optionalDependencies:
      typescript: 5.9.3

  '@solana/offchain-messages@5.4.0(typescript@5.9.3)':
    dependencies:
      '@solana/addresses': 5.4.0(typescript@5.9.3)
      '@solana/codecs-core': 5.4.0(typescript@5.9.3)
      '@solana/codecs-data-structures': 5.4.0(typescript@5.9.3)
      '@solana/codecs-numbers': 5.4.0(typescript@5.9.3)
      '@solana/codecs-strings': 5.4.0(typescript@5.9.3)
      '@solana/errors': 5.4.0(typescript@5.9.3)
      '@solana/keys': 5.4.0(typescript@5.9.3)
      '@solana/nominal-types': 5.4.0(typescript@5.9.3)
    optionalDependencies:
      typescript: 5.9.3
    transitivePeerDependencies:
      - fastestsmallesttextencoderdecoder

  '@solana/options@5.4.0(typescript@5.9.3)':
    dependencies:
      '@solana/codecs-core': 5.4.0(typescript@5.9.3)
      '@solana/codecs-data-structures': 5.4.0(typescript@5.9.3)
      '@solana/codecs-numbers': 5.4.0(typescript@5.9.3)
      '@solana/codecs-strings': 5.4.0(typescript@5.9.3)
      '@solana/errors': 5.4.0(typescript@5.9.3)
    optionalDependencies:
      typescript: 5.9.3
    transitivePeerDependencies:
      - fastestsmallesttextencoderdecoder

  '@solana/plugin-core@5.4.0(typescript@5.9.3)':
    optionalDependencies:
      typescript: 5.9.3

  '@solana/programs@5.4.0(typescript@5.9.3)':
    dependencies:
      '@solana/addresses': 5.4.0(typescript@5.9.3)
      '@solana/errors': 5.4.0(typescript@5.9.3)
    optionalDependencies:
      typescript: 5.9.3
    transitivePeerDependencies:
      - fastestsmallesttextencoderdecoder

  '@solana/promises@3.0.3(typescript@5.9.3)':
    dependencies:
      typescript: 5.9.3

  '@solana/promises@5.4.0(typescript@5.9.3)':
    optionalDependencies:
      typescript: 5.9.3

  '@solana/rpc-api@5.4.0(typescript@5.9.3)':
    dependencies:
      '@solana/addresses': 5.4.0(typescript@5.9.3)
      '@solana/codecs-core': 5.4.0(typescript@5.9.3)
      '@solana/codecs-strings': 5.4.0(typescript@5.9.3)
      '@solana/errors': 5.4.0(typescript@5.9.3)
      '@solana/keys': 5.4.0(typescript@5.9.3)
      '@solana/rpc-parsed-types': 5.4.0(typescript@5.9.3)
      '@solana/rpc-spec': 5.4.0(typescript@5.9.3)
      '@solana/rpc-transformers': 5.4.0(typescript@5.9.3)
      '@solana/rpc-types': 5.4.0(typescript@5.9.3)
      '@solana/transaction-messages': 5.4.0(typescript@5.9.3)
      '@solana/transactions': 5.4.0(typescript@5.9.3)
    optionalDependencies:
      typescript: 5.9.3
    transitivePeerDependencies:
      - fastestsmallesttextencoderdecoder

  '@solana/rpc-parsed-types@5.4.0(typescript@5.9.3)':
    optionalDependencies:
      typescript: 5.9.3

  '@solana/rpc-spec-types@5.4.0(typescript@5.9.3)':
    optionalDependencies:
      typescript: 5.9.3

  '@solana/rpc-spec@5.4.0(typescript@5.9.3)':
    dependencies:
      '@solana/errors': 5.4.0(typescript@5.9.3)
      '@solana/rpc-spec-types': 5.4.0(typescript@5.9.3)
    optionalDependencies:
      typescript: 5.9.3

  '@solana/rpc-subscriptions-api@5.4.0(typescript@5.9.3)':
    dependencies:
      '@solana/addresses': 5.4.0(typescript@5.9.3)
      '@solana/keys': 5.4.0(typescript@5.9.3)
      '@solana/rpc-subscriptions-spec': 5.4.0(typescript@5.9.3)
      '@solana/rpc-transformers': 5.4.0(typescript@5.9.3)
      '@solana/rpc-types': 5.4.0(typescript@5.9.3)
      '@solana/transaction-messages': 5.4.0(typescript@5.9.3)
      '@solana/transactions': 5.4.0(typescript@5.9.3)
    optionalDependencies:
      typescript: 5.9.3
    transitivePeerDependencies:
      - fastestsmallesttextencoderdecoder

  '@solana/rpc-subscriptions-channel-websocket@5.4.0(typescript@5.9.3)':
    dependencies:
      '@solana/errors': 5.4.0(typescript@5.9.3)
      '@solana/functional': 5.4.0(typescript@5.9.3)
      '@solana/rpc-subscriptions-spec': 5.4.0(typescript@5.9.3)
      '@solana/subscribable': 5.4.0(typescript@5.9.3)
      ws: 8.19.0
    optionalDependencies:
      typescript: 5.9.3
    transitivePeerDependencies:
      - bufferutil
      - utf-8-validate

  '@solana/rpc-subscriptions-spec@5.4.0(typescript@5.9.3)':
    dependencies:
      '@solana/errors': 5.4.0(typescript@5.9.3)
      '@solana/promises': 5.4.0(typescript@5.9.3)
      '@solana/rpc-spec-types': 5.4.0(typescript@5.9.3)
      '@solana/subscribable': 5.4.0(typescript@5.9.3)
    optionalDependencies:
      typescript: 5.9.3

  '@solana/rpc-subscriptions@5.4.0(typescript@5.9.3)':
    dependencies:
      '@solana/errors': 5.4.0(typescript@5.9.3)
      '@solana/fast-stable-stringify': 5.4.0(typescript@5.9.3)
      '@solana/functional': 5.4.0(typescript@5.9.3)
      '@solana/promises': 5.4.0(typescript@5.9.3)
      '@solana/rpc-spec-types': 5.4.0(typescript@5.9.3)
      '@solana/rpc-subscriptions-api': 5.4.0(typescript@5.9.3)
      '@solana/rpc-subscriptions-channel-websocket': 5.4.0(typescript@5.9.3)
      '@solana/rpc-subscriptions-spec': 5.4.0(typescript@5.9.3)
      '@solana/rpc-transformers': 5.4.0(typescript@5.9.3)
      '@solana/rpc-types': 5.4.0(typescript@5.9.3)
      '@solana/subscribable': 5.4.0(typescript@5.9.3)
    optionalDependencies:
      typescript: 5.9.3
    transitivePeerDependencies:
      - bufferutil
      - fastestsmallesttextencoderdecoder
      - utf-8-validate

  '@solana/rpc-transformers@5.4.0(typescript@5.9.3)':
    dependencies:
      '@solana/errors': 5.4.0(typescript@5.9.3)
      '@solana/functional': 5.4.0(typescript@5.9.3)
      '@solana/nominal-types': 5.4.0(typescript@5.9.3)
      '@solana/rpc-spec-types': 5.4.0(typescript@5.9.3)
      '@solana/rpc-types': 5.4.0(typescript@5.9.3)
    optionalDependencies:
      typescript: 5.9.3
    transitivePeerDependencies:
      - fastestsmallesttextencoderdecoder

  '@solana/rpc-transport-http@5.4.0(typescript@5.9.3)':
    dependencies:
      '@solana/errors': 5.4.0(typescript@5.9.3)
      '@solana/rpc-spec': 5.4.0(typescript@5.9.3)
      '@solana/rpc-spec-types': 5.4.0(typescript@5.9.3)
      undici-types: 7.18.2
    optionalDependencies:
      typescript: 5.9.3

  '@solana/rpc-types@5.4.0(typescript@5.9.3)':
    dependencies:
      '@solana/addresses': 5.4.0(typescript@5.9.3)
      '@solana/codecs-core': 5.4.0(typescript@5.9.3)
      '@solana/codecs-numbers': 5.4.0(typescript@5.9.3)
      '@solana/codecs-strings': 5.4.0(typescript@5.9.3)
      '@solana/errors': 5.4.0(typescript@5.9.3)
      '@solana/nominal-types': 5.4.0(typescript@5.9.3)
    optionalDependencies:
      typescript: 5.9.3
    transitivePeerDependencies:
      - fastestsmallesttextencoderdecoder

  '@solana/rpc@5.4.0(typescript@5.9.3)':
    dependencies:
      '@solana/errors': 5.4.0(typescript@5.9.3)
      '@solana/fast-stable-stringify': 5.4.0(typescript@5.9.3)
      '@solana/functional': 5.4.0(typescript@5.9.3)
      '@solana/rpc-api': 5.4.0(typescript@5.9.3)
      '@solana/rpc-spec': 5.4.0(typescript@5.9.3)
      '@solana/rpc-spec-types': 5.4.0(typescript@5.9.3)
      '@solana/rpc-transformers': 5.4.0(typescript@5.9.3)
      '@solana/rpc-transport-http': 5.4.0(typescript@5.9.3)
      '@solana/rpc-types': 5.4.0(typescript@5.9.3)
    optionalDependencies:
      typescript: 5.9.3
    transitivePeerDependencies:
      - fastestsmallesttextencoderdecoder

  '@solana/signers@5.4.0(typescript@5.9.3)':
    dependencies:
      '@solana/addresses': 5.4.0(typescript@5.9.3)
      '@solana/codecs-core': 5.4.0(typescript@5.9.3)
      '@solana/errors': 5.4.0(typescript@5.9.3)
      '@solana/instructions': 5.4.0(typescript@5.9.3)
      '@solana/keys': 5.4.0(typescript@5.9.3)
      '@solana/nominal-types': 5.4.0(typescript@5.9.3)
      '@solana/offchain-messages': 5.4.0(typescript@5.9.3)
      '@solana/transaction-messages': 5.4.0(typescript@5.9.3)
      '@solana/transactions': 5.4.0(typescript@5.9.3)
    optionalDependencies:
      typescript: 5.9.3
    transitivePeerDependencies:
      - fastestsmallesttextencoderdecoder

  '@solana/subscribable@5.4.0(typescript@5.9.3)':
    dependencies:
      '@solana/errors': 5.4.0(typescript@5.9.3)
    optionalDependencies:
      typescript: 5.9.3

  '@solana/sysvars@5.4.0(typescript@5.9.3)':
    dependencies:
      '@solana/accounts': 5.4.0(typescript@5.9.3)
      '@solana/codecs': 5.4.0(typescript@5.9.3)
      '@solana/errors': 5.4.0(typescript@5.9.3)
      '@solana/rpc-types': 5.4.0(typescript@5.9.3)
    optionalDependencies:
      typescript: 5.9.3
    transitivePeerDependencies:
      - fastestsmallesttextencoderdecoder

  '@solana/transaction-confirmation@5.4.0(typescript@5.9.3)':
    dependencies:
      '@solana/addresses': 5.4.0(typescript@5.9.3)
      '@solana/codecs-strings': 5.4.0(typescript@5.9.3)
      '@solana/errors': 5.4.0(typescript@5.9.3)
      '@solana/keys': 5.4.0(typescript@5.9.3)
      '@solana/promises': 5.4.0(typescript@5.9.3)
      '@solana/rpc': 5.4.0(typescript@5.9.3)
      '@solana/rpc-subscriptions': 5.4.0(typescript@5.9.3)
      '@solana/rpc-types': 5.4.0(typescript@5.9.3)
      '@solana/transaction-messages': 5.4.0(typescript@5.9.3)
      '@solana/transactions': 5.4.0(typescript@5.9.3)
    optionalDependencies:
      typescript: 5.9.3
    transitivePeerDependencies:
      - bufferutil
      - fastestsmallesttextencoderdecoder
      - utf-8-validate

  '@solana/transaction-messages@5.4.0(typescript@5.9.3)':
    dependencies:
      '@solana/addresses': 5.4.0(typescript@5.9.3)
      '@solana/codecs-core': 5.4.0(typescript@5.9.3)
      '@solana/codecs-data-structures': 5.4.0(typescript@5.9.3)
      '@solana/codecs-numbers': 5.4.0(typescript@5.9.3)
      '@solana/errors': 5.4.0(typescript@5.9.3)
      '@solana/functional': 5.4.0(typescript@5.9.3)
      '@solana/instructions': 5.4.0(typescript@5.9.3)
      '@solana/nominal-types': 5.4.0(typescript@5.9.3)
      '@solana/rpc-types': 5.4.0(typescript@5.9.3)
    optionalDependencies:
      typescript: 5.9.3
    transitivePeerDependencies:
      - fastestsmallesttextencoderdecoder

  '@solana/transactions@5.4.0(typescript@5.9.3)':
    dependencies:
      '@solana/addresses': 5.4.0(typescript@5.9.3)
      '@solana/codecs-core': 5.4.0(typescript@5.9.3)
      '@solana/codecs-data-structures': 5.4.0(typescript@5.9.3)
      '@solana/codecs-numbers': 5.4.0(typescript@5.9.3)
      '@solana/codecs-strings': 5.4.0(typescript@5.9.3)
      '@solana/errors': 5.4.0(typescript@5.9.3)
      '@solana/functional': 5.4.0(typescript@5.9.3)
      '@solana/instructions': 5.4.0(typescript@5.9.3)
      '@solana/keys': 5.4.0(typescript@5.9.3)
      '@solana/nominal-types': 5.4.0(typescript@5.9.3)
      '@solana/rpc-types': 5.4.0(typescript@5.9.3)
      '@solana/transaction-messages': 5.4.0(typescript@5.9.3)
    optionalDependencies:
      typescript: 5.9.3
    transitivePeerDependencies:
      - fastestsmallesttextencoderdecoder

  base64-js@1.5.1: {}

  buffer@6.0.3:
    dependencies:
      base64-js: 1.5.1
      ieee754: 1.2.1

  chalk@5.6.2: {}

  commander@14.0.0: {}

  commander@14.0.2: {}

  dotenv@16.6.1: {}

  esbuild@0.27.2:
    optionalDependencies:
      '@esbuild/aix-ppc64': 0.27.2
      '@esbuild/android-arm': 0.27.2
      '@esbuild/android-arm64': 0.27.2
      '@esbuild/android-x64': 0.27.2
      '@esbuild/darwin-arm64': 0.27.2
      '@esbuild/darwin-x64': 0.27.2
      '@esbuild/freebsd-arm64': 0.27.2
      '@esbuild/freebsd-x64': 0.27.2
      '@esbuild/linux-arm': 0.27.2
      '@esbuild/linux-arm64': 0.27.2
      '@esbuild/linux-ia32': 0.27.2
      '@esbuild/linux-loong64': 0.27.2
      '@esbuild/linux-mips64el': 0.27.2
      '@esbuild/linux-ppc64': 0.27.2
      '@esbuild/linux-riscv64': 0.27.2
      '@esbuild/linux-s390x': 0.27.2
      '@esbuild/linux-x64': 0.27.2
      '@esbuild/netbsd-arm64': 0.27.2
      '@esbuild/netbsd-x64': 0.27.2
      '@esbuild/openbsd-arm64': 0.27.2
      '@esbuild/openbsd-x64': 0.27.2
      '@esbuild/openharmony-arm64': 0.27.2
      '@esbuild/sunos-x64': 0.27.2
      '@esbuild/win32-arm64': 0.27.2
      '@esbuild/win32-ia32': 0.27.2
      '@esbuild/win32-x64': 0.27.2

  fsevents@2.3.3:
    optional: true

  get-tsconfig@4.13.0:
    dependencies:
      resolve-pkg-maps: 1.0.0

  ieee754@1.2.1: {}

  resolve-pkg-maps@1.0.0: {}

  solana-kite@2.1.0(@solana/sysvars@5.4.0(typescript@5.9.3))(typescript@5.9.3):
    dependencies:
      '@solana-program/compute-budget': 0.11.0(@solana/kit@5.4.0(typescript@5.9.3))
      '@solana-program/memo': 0.10.0(@solana/kit@5.4.0(typescript@5.9.3))
      '@solana-program/system': 0.10.0(@solana/kit@5.4.0(typescript@5.9.3))
      '@solana-program/token': 0.9.0(@solana/kit@5.4.0(typescript@5.9.3))
      '@solana-program/token-2022': 0.6.1(@solana/kit@5.4.0(typescript@5.9.3))(@solana/sysvars@5.4.0(typescript@5.9.3))
      '@solana/assertions': 3.0.3(typescript@5.9.3)
      '@solana/errors': 3.0.3(typescript@5.9.3)
      '@solana/kit': 5.4.0(typescript@5.9.3)
      '@solana/promises': 3.0.3(typescript@5.9.3)
      '@solana/transaction-confirmation': 5.4.0(typescript@5.9.3)
      dotenv: 16.6.1
      ws: 8.19.0
    transitivePeerDependencies:
      - '@solana/sysvars'
      - bufferutil
      - fastestsmallesttextencoderdecoder
      - typescript
      - utf-8-validate

  tsx@4.21.0:
    dependencies:
      esbuild: 0.27.2
      get-tsconfig: 4.13.0
    optionalDependencies:
      fsevents: 2.3.3

  tweetnacl@1.0.3: {}

  typescript@5.9.3: {}

  undici-types@7.18.2: {}

  ws@8.19.0: {}
